
Microsoft Visual Studio Solution File, Format Version 12.00
# Visual Studio Version 17
VisualStudioVersion = 17.8.34525.116
MinimumVisualStudioVersion = 10.0.40219.1
Project("{FAE04EC0-301F-11D3-BF4B-00C04F79EFBC}") = "Practica_1", "Practica_1\Practica_1.csproj", "{225A4EE2-886B-4FD1-B293-EB4DE964AD57}"
EndProject
Global
	GlobalSection(SolutionConfigurationPlatforms) = preSolution
		Debug|Any CPU = Debug|Any CPU
		Release|Any CPU = Release|Any CPU
	EndGlobalSection
	GlobalSection(ProjectConfigurationPlatforms) = postSolution
		{225A4EE2-886B-4FD1-B293-EB4DE964AD57}.Debug|Any CPU.ActiveCfg = Debug|Any CPU
		{225A4EE2-886B-4FD1-B293-EB4DE964AD57}.Debug|Any CPU.Build.0 = Debug|Any CPU
		{225A4EE2-886B-4FD1-B293-EB4DE964AD57}.Release|Any CPU.ActiveCfg = Release|Any CPU
		{225A4EE2-886B-4FD1-B293-EB4DE964AD57}.Release|Any CPU.Build.0 = Release|Any CPU
	EndGlobalSection
	GlobalSection(SolutionProperties) = preSolution
		HideSolutionNode = FALSE
	EndGlobalSection
	GlobalSection(ExtensibilityGlobals) = postSolution
		SolutionGuid = {C48BBE2F-6EA4-4769-9701-C629DB694E0E}
	EndGlobalSection
EndGlobal
