
Microsoft Visual Studio Solution File, Format Version 12.00
# Visual Studio Version 17
VisualStudioVersion = 17.8.34525.116
MinimumVisualStudioVersion = 10.0.40219.1
Project("{FAE04EC0-301F-11D3-BF4B-00C04F79EFBC}") = "Practica_7", "Practica_7\Practica_7.csproj", "{A44DECC5-584A-4AD7-9413-904E88C11A65}"
EndProject
Global
	GlobalSection(SolutionConfigurationPlatforms) = preSolution
		Debug|Any CPU = Debug|Any CPU
		Release|Any CPU = Release|Any CPU
	EndGlobalSection
	GlobalSection(ProjectConfigurationPlatforms) = postSolution
		{A44DECC5-584A-4AD7-9413-904E88C11A65}.Debug|Any CPU.ActiveCfg = Debug|Any CPU
		{A44DECC5-584A-4AD7-9413-904E88C11A65}.Debug|Any CPU.Build.0 = Debug|Any CPU
		{A44DECC5-584A-4AD7-9413-904E88C11A65}.Release|Any CPU.ActiveCfg = Release|Any CPU
		{A44DECC5-584A-4AD7-9413-904E88C11A65}.Release|Any CPU.Build.0 = Release|Any CPU
	EndGlobalSection
	GlobalSection(SolutionProperties) = preSolution
		HideSolutionNode = FALSE
	EndGlobalSection
	GlobalSection(ExtensibilityGlobals) = postSolution
		SolutionGuid = {4163506A-E3F3-4C10-8731-DC6508F38167}
	EndGlobalSection
EndGlobal
